
Microsoft Visual Studio Solution File, Format Version 11.00
# Visual Studio 2010
Project("{FAE04EC0-301F-11D3-BF4B-00C04F79EFBC}") = "play-fonline", "play-fonline\play-fonline.csproj", "{C30E1AA7-8C56-434B-84F9-684C15B4FE7B}"
EndProject
Project("{FAE04EC0-301F-11D3-BF4B-00C04F79EFBC}") = "lib-foquery", "lib-foquery\lib-foquery.csproj", "{3FAECC99-1295-4DDE-8898-6FA6F1FDEE98}"
EndProject
Global
	GlobalSection(SolutionConfigurationPlatforms) = preSolution
		Console|Any CPU = Console|Any CPU
		Console|Mixed Platforms = Console|Mixed Platforms
		Console|x86 = Console|x86
		Debug|Any CPU = Debug|Any CPU
		Debug|Mixed Platforms = Debug|Mixed Platforms
		Debug|x86 = Debug|x86
		Release|Any CPU = Release|Any CPU
		Release|Mixed Platforms = Release|Mixed Platforms
		Release|x86 = Release|x86
	EndGlobalSection
	GlobalSection(ProjectConfigurationPlatforms) = postSolution
		{C30E1AA7-8C56-434B-84F9-684C15B4FE7B}.Console|Any CPU.ActiveCfg = Console|x86
		{C30E1AA7-8C56-434B-84F9-684C15B4FE7B}.Console|Mixed Platforms.ActiveCfg = Console|x86
		{C30E1AA7-8C56-434B-84F9-684C15B4FE7B}.Console|Mixed Platforms.Build.0 = Console|x86
		{C30E1AA7-8C56-434B-84F9-684C15B4FE7B}.Console|x86.ActiveCfg = Console|x86
		{C30E1AA7-8C56-434B-84F9-684C15B4FE7B}.Console|x86.Build.0 = Console|x86
		{C30E1AA7-8C56-434B-84F9-684C15B4FE7B}.Debug|Any CPU.ActiveCfg = Debug|x86
		{C30E1AA7-8C56-434B-84F9-684C15B4FE7B}.Debug|Mixed Platforms.ActiveCfg = Debug|x86
		{C30E1AA7-8C56-434B-84F9-684C15B4FE7B}.Debug|Mixed Platforms.Build.0 = Debug|x86
		{C30E1AA7-8C56-434B-84F9-684C15B4FE7B}.Debug|x86.ActiveCfg = Debug|x86
		{C30E1AA7-8C56-434B-84F9-684C15B4FE7B}.Debug|x86.Build.0 = Debug|x86
		{C30E1AA7-8C56-434B-84F9-684C15B4FE7B}.Release|Any CPU.ActiveCfg = Release|x86
		{C30E1AA7-8C56-434B-84F9-684C15B4FE7B}.Release|Mixed Platforms.ActiveCfg = Release|x86
		{C30E1AA7-8C56-434B-84F9-684C15B4FE7B}.Release|Mixed Platforms.Build.0 = Release|x86
		{C30E1AA7-8C56-434B-84F9-684C15B4FE7B}.Release|x86.ActiveCfg = Release|x86
		{C30E1AA7-8C56-434B-84F9-684C15B4FE7B}.Release|x86.Build.0 = Release|x86
		{3FAECC99-1295-4DDE-8898-6FA6F1FDEE98}.Console|Any CPU.ActiveCfg = Release|Any CPU
		{3FAECC99-1295-4DDE-8898-6FA6F1FDEE98}.Console|Any CPU.Build.0 = Release|Any CPU
		{3FAECC99-1295-4DDE-8898-6FA6F1FDEE98}.Console|Mixed Platforms.ActiveCfg = Release|Any CPU
		{3FAECC99-1295-4DDE-8898-6FA6F1FDEE98}.Console|Mixed Platforms.Build.0 = Release|Any CPU
		{3FAECC99-1295-4DDE-8898-6FA6F1FDEE98}.Console|x86.ActiveCfg = Release|Any CPU
		{3FAECC99-1295-4DDE-8898-6FA6F1FDEE98}.Debug|Any CPU.ActiveCfg = Debug|Any CPU
		{3FAECC99-1295-4DDE-8898-6FA6F1FDEE98}.Debug|Any CPU.Build.0 = Debug|Any CPU
		{3FAECC99-1295-4DDE-8898-6FA6F1FDEE98}.Debug|Mixed Platforms.ActiveCfg = Debug|Any CPU
		{3FAECC99-1295-4DDE-8898-6FA6F1FDEE98}.Debug|Mixed Platforms.Build.0 = Debug|Any CPU
		{3FAECC99-1295-4DDE-8898-6FA6F1FDEE98}.Debug|x86.ActiveCfg = Debug|Any CPU
		{3FAECC99-1295-4DDE-8898-6FA6F1FDEE98}.Release|Any CPU.ActiveCfg = Release|Any CPU
		{3FAECC99-1295-4DDE-8898-6FA6F1FDEE98}.Release|Any CPU.Build.0 = Release|Any CPU
		{3FAECC99-1295-4DDE-8898-6FA6F1FDEE98}.Release|Mixed Platforms.ActiveCfg = Release|Any CPU
		{3FAECC99-1295-4DDE-8898-6FA6F1FDEE98}.Release|Mixed Platforms.Build.0 = Release|Any CPU
		{3FAECC99-1295-4DDE-8898-6FA6F1FDEE98}.Release|x86.ActiveCfg = Release|Any CPU
	EndGlobalSection
	GlobalSection(SolutionProperties) = preSolution
		HideSolutionNode = FALSE
	EndGlobalSection
EndGlobal
